
Microsoft Visual Studio Solution File, Format Version 12.00
# Visual Studio Version 16
VisualStudioVersion = 16.0.29503.13
MinimumVisualStudioVersion = 10.0.40219.1
Project("{151D2E53-A2C4-4D7D-83FE-D05416EBD58E}") = "AzureResourceDeployment", "AzureResourceDeployment\AzureResourceDeployment.deployproj", "{950AE27F-A737-422A-80C4-87B6706C55BE}"
EndProject
Global
	GlobalSection(SolutionConfigurationPlatforms) = preSolution
		Debug|Any CPU = Debug|Any CPU
		Release|Any CPU = Release|Any CPU
	EndGlobalSection
	GlobalSection(ProjectConfigurationPlatforms) = postSolution
		{950AE27F-A737-422A-80C4-87B6706C55BE}.Debug|Any CPU.ActiveCfg = Debug|Any CPU
		{950AE27F-A737-422A-80C4-87B6706C55BE}.Debug|Any CPU.Build.0 = Debug|Any CPU
		{950AE27F-A737-422A-80C4-87B6706C55BE}.Release|Any CPU.ActiveCfg = Release|Any CPU
		{950AE27F-A737-422A-80C4-87B6706C55BE}.Release|Any CPU.Build.0 = Release|Any CPU
	EndGlobalSection
	GlobalSection(SolutionProperties) = preSolution
		HideSolutionNode = FALSE
	EndGlobalSection
	GlobalSection(ExtensibilityGlobals) = postSolution
		SolutionGuid = {B7075443-840B-4208-89E6-69A5494EFB70}
	EndGlobalSection
EndGlobal
